
Microsoft Visual Studio Solution File, Format Version 12.00
# Visual Studio Version 17
VisualStudioVersion = 17.4.33205.214
MinimumVisualStudioVersion = 10.0.40219.1
Project("{FAE04EC0-301F-11D3-BF4B-00C04F79EFBC}") = "ADOdisArchitechture", "ADOdisArchitechture\ADOdisArchitechture.csproj", "{FDDAF2EE-75DD-4854-8D54-06BFB6B09A32}"
EndProject
Global
	GlobalSection(SolutionConfigurationPlatforms) = preSolution
		Debug|Any CPU = Debug|Any CPU
		Release|Any CPU = Release|Any CPU
	EndGlobalSection
	GlobalSection(ProjectConfigurationPlatforms) = postSolution
		{FDDAF2EE-75DD-4854-8D54-06BFB6B09A32}.Debug|Any CPU.ActiveCfg = Debug|Any CPU
		{FDDAF2EE-75DD-4854-8D54-06BFB6B09A32}.Debug|Any CPU.Build.0 = Debug|Any CPU
		{FDDAF2EE-75DD-4854-8D54-06BFB6B09A32}.Release|Any CPU.ActiveCfg = Release|Any CPU
		{FDDAF2EE-75DD-4854-8D54-06BFB6B09A32}.Release|Any CPU.Build.0 = Release|Any CPU
	EndGlobalSection
	GlobalSection(SolutionProperties) = preSolution
		HideSolutionNode = FALSE
	EndGlobalSection
	GlobalSection(ExtensibilityGlobals) = postSolution
		SolutionGuid = {4A836F74-8592-444B-BBB0-029750D31FE4}
	EndGlobalSection
EndGlobal
